on:
  pull_request:
    branches: [main]
    paths:
      - "pyproject.toml"

permissions:
  contents: write

jobs:
  update-lock:
    if: github.actor == 'dependabot[bot]'
    runs-on: ubuntu-latest
    steps:
      - uses: actions/checkout@v4
        with:
          ref: ${{ github.head_ref }}

      - uses: astral-sh/setup-uv@v4

      - name: Update lockfile
        run: uv lock

      - name: Commit if changed
        run: |
          git config user.name "github-actions"
          git config user.email "actions@github.com"
          git add uv.lock
          git diff --cached --quiet || git commit -m "Update uv.lock"
          git push
